
Microsoft Visual Studio Solution File, Format Version 12.00
# Visual Studio Version 16
VisualStudioVersion = 16.0.30717.126
MinimumVisualStudioVersion = 10.0.40219.1
Project("{FAE04EC0-301F-11D3-BF4B-00C04F79EFBC}") = "HelloWorld", "HelloWorld\HelloWorld.csproj", "{CDDD1114-8E66-4ADA-8A0B-989098FB4AA5}"
EndProject
Global
	GlobalSection(SolutionConfigurationPlatforms) = preSolution
		Debug|Any CPU = Debug|Any CPU
		Release|Any CPU = Release|Any CPU
	EndGlobalSection
	GlobalSection(ProjectConfigurationPlatforms) = postSolution
		{CDDD1114-8E66-4ADA-8A0B-989098FB4AA5}.Debug|Any CPU.ActiveCfg = Debug|Any CPU
		{CDDD1114-8E66-4ADA-8A0B-989098FB4AA5}.Debug|Any CPU.Build.0 = Debug|Any CPU
		{CDDD1114-8E66-4ADA-8A0B-989098FB4AA5}.Release|Any CPU.ActiveCfg = Release|Any CPU
		{CDDD1114-8E66-4ADA-8A0B-989098FB4AA5}.Release|Any CPU.Build.0 = Release|Any CPU
	EndGlobalSection
	GlobalSection(SolutionProperties) = preSolution
		HideSolutionNode = FALSE
	EndGlobalSection
	GlobalSection(ExtensibilityGlobals) = postSolution
		SolutionGuid = {2BC5E668-B3BC-4AF8-9CA0-6A416BC440D4}
	EndGlobalSection
EndGlobal
